
Microsoft Visual Studio Solution File, Format Version 12.00
# Visual Studio Version 17
VisualStudioVersion = 17.0.31912.275
MinimumVisualStudioVersion = 10.0.40219.1
Project("{FAE04EC0-301F-11D3-BF4B-00C04F79EFBC}") = "BookStoreApplicationDestytojo", "BookStoreApplicationDestytojo\BookStoreApplicationDestytojo.csproj", "{A8379925-610E-4F71-9E83-CCE207E28CB8}"
EndProject
Global
	GlobalSection(SolutionConfigurationPlatforms) = preSolution
		Debug|Any CPU = Debug|Any CPU
		Release|Any CPU = Release|Any CPU
	EndGlobalSection
	GlobalSection(ProjectConfigurationPlatforms) = postSolution
		{A8379925-610E-4F71-9E83-CCE207E28CB8}.Debug|Any CPU.ActiveCfg = Debug|Any CPU
		{A8379925-610E-4F71-9E83-CCE207E28CB8}.Debug|Any CPU.Build.0 = Debug|Any CPU
		{A8379925-610E-4F71-9E83-CCE207E28CB8}.Release|Any CPU.ActiveCfg = Release|Any CPU
		{A8379925-610E-4F71-9E83-CCE207E28CB8}.Release|Any CPU.Build.0 = Release|Any CPU
	EndGlobalSection
	GlobalSection(SolutionProperties) = preSolution
		HideSolutionNode = FALSE
	EndGlobalSection
	GlobalSection(ExtensibilityGlobals) = postSolution
		SolutionGuid = {564106CD-024F-4D64-BB02-8A77FBD371C9}
	EndGlobalSection
EndGlobal
