
Microsoft Visual Studio Solution File, Format Version 12.00
# Visual Studio Version 17
VisualStudioVersion = 17.0.31912.275
MinimumVisualStudioVersion = 10.0.40219.1
Project("{FAE04EC0-301F-11D3-BF4B-00C04F79EFBC}") = "Zoo", "Zoo\Zoo.csproj", "{54A38474-C658-4864-B6A9-A75EBE209302}"
EndProject
Global
	GlobalSection(SolutionConfigurationPlatforms) = preSolution
		Debug|Any CPU = Debug|Any CPU
		Release|Any CPU = Release|Any CPU
	EndGlobalSection
	GlobalSection(ProjectConfigurationPlatforms) = postSolution
		{54A38474-C658-4864-B6A9-A75EBE209302}.Debug|Any CPU.ActiveCfg = Debug|Any CPU
		{54A38474-C658-4864-B6A9-A75EBE209302}.Debug|Any CPU.Build.0 = Debug|Any CPU
		{54A38474-C658-4864-B6A9-A75EBE209302}.Release|Any CPU.ActiveCfg = Release|Any CPU
		{54A38474-C658-4864-B6A9-A75EBE209302}.Release|Any CPU.Build.0 = Release|Any CPU
	EndGlobalSection
	GlobalSection(SolutionProperties) = preSolution
		HideSolutionNode = FALSE
	EndGlobalSection
	GlobalSection(ExtensibilityGlobals) = postSolution
		SolutionGuid = {26E61D9C-25E8-46BE-B890-4FF19C5FFEA7}
	EndGlobalSection
EndGlobal
