
Microsoft Visual Studio Solution File, Format Version 12.00
# Visual Studio Version 17
VisualStudioVersion = 17.0.31912.275
MinimumVisualStudioVersion = 10.0.40219.1
Project("{FAE04EC0-301F-11D3-BF4B-00C04F79EFBC}") = "ShopApplication", "ShopApplication\ShopApplication.csproj", "{619138B5-FFB0-4224-AEB8-A3E0BAFDED92}"
EndProject
Global
	GlobalSection(SolutionConfigurationPlatforms) = preSolution
		Debug|Any CPU = Debug|Any CPU
		Release|Any CPU = Release|Any CPU
	EndGlobalSection
	GlobalSection(ProjectConfigurationPlatforms) = postSolution
		{619138B5-FFB0-4224-AEB8-A3E0BAFDED92}.Debug|Any CPU.ActiveCfg = Debug|Any CPU
		{619138B5-FFB0-4224-AEB8-A3E0BAFDED92}.Debug|Any CPU.Build.0 = Debug|Any CPU
		{619138B5-FFB0-4224-AEB8-A3E0BAFDED92}.Release|Any CPU.ActiveCfg = Release|Any CPU
		{619138B5-FFB0-4224-AEB8-A3E0BAFDED92}.Release|Any CPU.Build.0 = Release|Any CPU
	EndGlobalSection
	GlobalSection(SolutionProperties) = preSolution
		HideSolutionNode = FALSE
	EndGlobalSection
	GlobalSection(ExtensibilityGlobals) = postSolution
		SolutionGuid = {FBC0EF34-B919-436F-9CB2-3DB20DA5CA68}
	EndGlobalSection
EndGlobal
