
Microsoft Visual Studio Solution File, Format Version 12.00
# Visual Studio Version 17
VisualStudioVersion = 17.0.31912.275
MinimumVisualStudioVersion = 10.0.40219.1
Project("{FAE04EC0-301F-11D3-BF4B-00C04F79EFBC}") = "FirstMvcApplication", "FirstMvcApplication\FirstMvcApplication.csproj", "{37B642B0-6375-4BB2-B310-5D91E7882D3E}"
EndProject
Global
	GlobalSection(SolutionConfigurationPlatforms) = preSolution
		Debug|Any CPU = Debug|Any CPU
		Release|Any CPU = Release|Any CPU
	EndGlobalSection
	GlobalSection(ProjectConfigurationPlatforms) = postSolution
		{37B642B0-6375-4BB2-B310-5D91E7882D3E}.Debug|Any CPU.ActiveCfg = Debug|Any CPU
		{37B642B0-6375-4BB2-B310-5D91E7882D3E}.Debug|Any CPU.Build.0 = Debug|Any CPU
		{37B642B0-6375-4BB2-B310-5D91E7882D3E}.Release|Any CPU.ActiveCfg = Release|Any CPU
		{37B642B0-6375-4BB2-B310-5D91E7882D3E}.Release|Any CPU.Build.0 = Release|Any CPU
	EndGlobalSection
	GlobalSection(SolutionProperties) = preSolution
		HideSolutionNode = FALSE
	EndGlobalSection
	GlobalSection(ExtensibilityGlobals) = postSolution
		SolutionGuid = {7D16E7B5-FE0B-4B0A-8971-749AE969CCC1}
	EndGlobalSection
EndGlobal
