
Microsoft Visual Studio Solution File, Format Version 12.00
# Visual Studio Version 17
VisualStudioVersion = 17.0.31912.275
MinimumVisualStudioVersion = 10.0.40219.1
Project("{FAE04EC0-301F-11D3-BF4B-00C04F79EFBC}") = "WebApplication1", "WebApplication1\WebApplication1.csproj", "{A484FADE-DA2A-47F0-B3B9-2FBEFECC9E99}"
EndProject
Global
	GlobalSection(SolutionConfigurationPlatforms) = preSolution
		Debug|Any CPU = Debug|Any CPU
		Release|Any CPU = Release|Any CPU
	EndGlobalSection
	GlobalSection(ProjectConfigurationPlatforms) = postSolution
		{A484FADE-DA2A-47F0-B3B9-2FBEFECC9E99}.Debug|Any CPU.ActiveCfg = Debug|Any CPU
		{A484FADE-DA2A-47F0-B3B9-2FBEFECC9E99}.Debug|Any CPU.Build.0 = Debug|Any CPU
		{A484FADE-DA2A-47F0-B3B9-2FBEFECC9E99}.Release|Any CPU.ActiveCfg = Release|Any CPU
		{A484FADE-DA2A-47F0-B3B9-2FBEFECC9E99}.Release|Any CPU.Build.0 = Release|Any CPU
	EndGlobalSection
	GlobalSection(SolutionProperties) = preSolution
		HideSolutionNode = FALSE
	EndGlobalSection
	GlobalSection(ExtensibilityGlobals) = postSolution
		SolutionGuid = {8E16DDA8-CBFB-4F1A-AE9D-7E9AB5F08B8D}
	EndGlobalSection
EndGlobal
